
Microsoft Visual Studio Solution File, Format Version 12.00
# Visual Studio 14
VisualStudioVersion = 14.0.25123.0
MinimumVisualStudioVersion = 10.0.40219.1
Project("{FAE04EC0-301F-11D3-BF4B-00C04F79EFBC}") = "CopyingCutingClipboard", "CopyingCutingClipboard\CopyingCutingClipboard.csproj", "{B2AF9F4E-B090-423B-A2E1-F54CD279D001}"
EndProject
Project("{FAE04EC0-301F-11D3-BF4B-00C04F79EFBC}") = "Hooker", "Hooker\Hooker.csproj", "{77B3825B-ACE7-4130-A74D-998150696C9D}"
EndProject
Global
	GlobalSection(SolutionConfigurationPlatforms) = preSolution
		Debug|Any CPU = Debug|Any CPU
		Release|Any CPU = Release|Any CPU
	EndGlobalSection
	GlobalSection(ProjectConfigurationPlatforms) = postSolution
		{B2AF9F4E-B090-423B-A2E1-F54CD279D001}.Debug|Any CPU.ActiveCfg = Debug|Any CPU
		{B2AF9F4E-B090-423B-A2E1-F54CD279D001}.Debug|Any CPU.Build.0 = Debug|Any CPU
		{B2AF9F4E-B090-423B-A2E1-F54CD279D001}.Release|Any CPU.ActiveCfg = Release|Any CPU
		{B2AF9F4E-B090-423B-A2E1-F54CD279D001}.Release|Any CPU.Build.0 = Release|Any CPU
		{77B3825B-ACE7-4130-A74D-998150696C9D}.Debug|Any CPU.ActiveCfg = Debug|Any CPU
		{77B3825B-ACE7-4130-A74D-998150696C9D}.Debug|Any CPU.Build.0 = Debug|Any CPU
		{77B3825B-ACE7-4130-A74D-998150696C9D}.Release|Any CPU.ActiveCfg = Release|Any CPU
		{77B3825B-ACE7-4130-A74D-998150696C9D}.Release|Any CPU.Build.0 = Release|Any CPU
	EndGlobalSection
	GlobalSection(SolutionProperties) = preSolution
		HideSolutionNode = FALSE
	EndGlobalSection
EndGlobal
